
Microsoft Visual Studio Solution File, Format Version 12.00
# Visual Studio Version 17
VisualStudioVersion = 17.0.31903.59
MinimumVisualStudioVersion = 10.0.40219.1
Project("{FAE04EC0-301F-11D3-BF4B-00C04F79EFBC}") = "WindowLibTest", "WindowLibTest\WindowLibTest.csproj", "{E8ECBBC9-6E6B-495E-969C-407B44A3D0A0}"
EndProject
Project("{FAE04EC0-301F-11D3-BF4B-00C04F79EFBC}") = "WindowLib", "WindowLib\WindowLib.csproj", "{3A0EF916-D6A6-4183-83F5-63555C693C6A}"
EndProject
Project("{FAE04EC0-301F-11D3-BF4B-00C04F79EFBC}") = "RestWindow", "RestWindow\RestWindow.csproj", "{DBF93269-6490-4A53-97D1-CB28C2FF4CFA}"
EndProject
Global
	GlobalSection(SolutionConfigurationPlatforms) = preSolution
		Debug|Any CPU = Debug|Any CPU
		Debug|x64 = Debug|x64
		Debug|x86 = Debug|x86
		Release|Any CPU = Release|Any CPU
		Release|x64 = Release|x64
		Release|x86 = Release|x86
	EndGlobalSection
	GlobalSection(ProjectConfigurationPlatforms) = postSolution
		{E8ECBBC9-6E6B-495E-969C-407B44A3D0A0}.Debug|Any CPU.ActiveCfg = Debug|Any CPU
		{E8ECBBC9-6E6B-495E-969C-407B44A3D0A0}.Debug|Any CPU.Build.0 = Debug|Any CPU
		{E8ECBBC9-6E6B-495E-969C-407B44A3D0A0}.Debug|x64.ActiveCfg = Debug|Any CPU
		{E8ECBBC9-6E6B-495E-969C-407B44A3D0A0}.Debug|x64.Build.0 = Debug|Any CPU
		{E8ECBBC9-6E6B-495E-969C-407B44A3D0A0}.Debug|x86.ActiveCfg = Debug|Any CPU
		{E8ECBBC9-6E6B-495E-969C-407B44A3D0A0}.Debug|x86.Build.0 = Debug|Any CPU
		{E8ECBBC9-6E6B-495E-969C-407B44A3D0A0}.Release|Any CPU.ActiveCfg = Release|Any CPU
		{E8ECBBC9-6E6B-495E-969C-407B44A3D0A0}.Release|Any CPU.Build.0 = Release|Any CPU
		{E8ECBBC9-6E6B-495E-969C-407B44A3D0A0}.Release|x64.ActiveCfg = Release|Any CPU
		{E8ECBBC9-6E6B-495E-969C-407B44A3D0A0}.Release|x64.Build.0 = Release|Any CPU
		{E8ECBBC9-6E6B-495E-969C-407B44A3D0A0}.Release|x86.ActiveCfg = Release|Any CPU
		{E8ECBBC9-6E6B-495E-969C-407B44A3D0A0}.Release|x86.Build.0 = Release|Any CPU
		{3A0EF916-D6A6-4183-83F5-63555C693C6A}.Debug|Any CPU.ActiveCfg = Debug|Any CPU
		{3A0EF916-D6A6-4183-83F5-63555C693C6A}.Debug|Any CPU.Build.0 = Debug|Any CPU
		{3A0EF916-D6A6-4183-83F5-63555C693C6A}.Debug|x64.ActiveCfg = Debug|Any CPU
		{3A0EF916-D6A6-4183-83F5-63555C693C6A}.Debug|x64.Build.0 = Debug|Any CPU
		{3A0EF916-D6A6-4183-83F5-63555C693C6A}.Debug|x86.ActiveCfg = Debug|Any CPU
		{3A0EF916-D6A6-4183-83F5-63555C693C6A}.Debug|x86.Build.0 = Debug|Any CPU
		{3A0EF916-D6A6-4183-83F5-63555C693C6A}.Release|Any CPU.ActiveCfg = Release|Any CPU
		{3A0EF916-D6A6-4183-83F5-63555C693C6A}.Release|Any CPU.Build.0 = Release|Any CPU
		{3A0EF916-D6A6-4183-83F5-63555C693C6A}.Release|x64.ActiveCfg = Release|Any CPU
		{3A0EF916-D6A6-4183-83F5-63555C693C6A}.Release|x64.Build.0 = Release|Any CPU
		{3A0EF916-D6A6-4183-83F5-63555C693C6A}.Release|x86.ActiveCfg = Release|Any CPU
		{3A0EF916-D6A6-4183-83F5-63555C693C6A}.Release|x86.Build.0 = Release|Any CPU
		{DBF93269-6490-4A53-97D1-CB28C2FF4CFA}.Debug|Any CPU.ActiveCfg = Debug|Any CPU
		{DBF93269-6490-4A53-97D1-CB28C2FF4CFA}.Debug|Any CPU.Build.0 = Debug|Any CPU
		{DBF93269-6490-4A53-97D1-CB28C2FF4CFA}.Debug|x64.ActiveCfg = Debug|Any CPU
		{DBF93269-6490-4A53-97D1-CB28C2FF4CFA}.Debug|x64.Build.0 = Debug|Any CPU
		{DBF93269-6490-4A53-97D1-CB28C2FF4CFA}.Debug|x86.ActiveCfg = Debug|Any CPU
		{DBF93269-6490-4A53-97D1-CB28C2FF4CFA}.Debug|x86.Build.0 = Debug|Any CPU
		{DBF93269-6490-4A53-97D1-CB28C2FF4CFA}.Release|Any CPU.ActiveCfg = Release|Any CPU
		{DBF93269-6490-4A53-97D1-CB28C2FF4CFA}.Release|Any CPU.Build.0 = Release|Any CPU
		{DBF93269-6490-4A53-97D1-CB28C2FF4CFA}.Release|x64.ActiveCfg = Release|Any CPU
		{DBF93269-6490-4A53-97D1-CB28C2FF4CFA}.Release|x64.Build.0 = Release|Any CPU
		{DBF93269-6490-4A53-97D1-CB28C2FF4CFA}.Release|x86.ActiveCfg = Release|Any CPU
		{DBF93269-6490-4A53-97D1-CB28C2FF4CFA}.Release|x86.Build.0 = Release|Any CPU
	EndGlobalSection
	GlobalSection(SolutionProperties) = preSolution
		HideSolutionNode = FALSE
	EndGlobalSection
	GlobalSection(ExtensibilityGlobals) = postSolution
		SolutionGuid = {19CCB219-412E-4FC9-9A63-0B64751FDA00}
	EndGlobalSection
EndGlobal
